
Microsoft Visual Studio Solution File, Format Version 12.00
# Visual Studio Version 16
VisualStudioVersion = 16.0.29324.140
MinimumVisualStudioVersion = 10.0.40219.1
Project("{FAE04EC0-301F-11D3-BF4B-00C04F79EFBC}") = "Mqtt.Web", "Mqtt.Web\Mqtt.Web.csproj", "{15C4A66F-5936-43F5-B6D0-CBC501C8FA29}"
EndProject
Project("{FAE04EC0-301F-11D3-BF4B-00C04F79EFBC}") = "Mqtt.ConsolePublisher", "Mqtt.ConsolePublisher\Mqtt.ConsolePublisher.csproj", "{8CFBB005-3224-4E2D-B111-B47F1CC40A5B}"
EndProject
Project("{FAE04EC0-301F-11D3-BF4B-00C04F79EFBC}") = "Mqtt.ConsoleConsumer", "Mqtt.ConsoleConsumer\Mqtt.ConsoleConsumer.csproj", "{F2A8C3A2-E4AD-4482-8EC4-665B545FCDBF}"
EndProject
Project("{FAE04EC0-301F-11D3-BF4B-00C04F79EFBC}") = "Mqtt.Fleck", "Mqtt.Fleck\Mqtt.Fleck.csproj", "{964B85CE-E6F2-488F-9EC8-A35D017DCDF8}"
EndProject
Global
	GlobalSection(SolutionConfigurationPlatforms) = preSolution
		Debug|Any CPU = Debug|Any CPU
		Release|Any CPU = Release|Any CPU
	EndGlobalSection
	GlobalSection(ProjectConfigurationPlatforms) = postSolution
		{15C4A66F-5936-43F5-B6D0-CBC501C8FA29}.Debug|Any CPU.ActiveCfg = Debug|Any CPU
		{15C4A66F-5936-43F5-B6D0-CBC501C8FA29}.Debug|Any CPU.Build.0 = Debug|Any CPU
		{15C4A66F-5936-43F5-B6D0-CBC501C8FA29}.Release|Any CPU.ActiveCfg = Release|Any CPU
		{15C4A66F-5936-43F5-B6D0-CBC501C8FA29}.Release|Any CPU.Build.0 = Release|Any CPU
		{8CFBB005-3224-4E2D-B111-B47F1CC40A5B}.Debug|Any CPU.ActiveCfg = Debug|Any CPU
		{8CFBB005-3224-4E2D-B111-B47F1CC40A5B}.Debug|Any CPU.Build.0 = Debug|Any CPU
		{8CFBB005-3224-4E2D-B111-B47F1CC40A5B}.Release|Any CPU.ActiveCfg = Release|Any CPU
		{8CFBB005-3224-4E2D-B111-B47F1CC40A5B}.Release|Any CPU.Build.0 = Release|Any CPU
		{F2A8C3A2-E4AD-4482-8EC4-665B545FCDBF}.Debug|Any CPU.ActiveCfg = Debug|Any CPU
		{F2A8C3A2-E4AD-4482-8EC4-665B545FCDBF}.Debug|Any CPU.Build.0 = Debug|Any CPU
		{F2A8C3A2-E4AD-4482-8EC4-665B545FCDBF}.Release|Any CPU.ActiveCfg = Release|Any CPU
		{F2A8C3A2-E4AD-4482-8EC4-665B545FCDBF}.Release|Any CPU.Build.0 = Release|Any CPU
		{964B85CE-E6F2-488F-9EC8-A35D017DCDF8}.Debug|Any CPU.ActiveCfg = Debug|Any CPU
		{964B85CE-E6F2-488F-9EC8-A35D017DCDF8}.Debug|Any CPU.Build.0 = Debug|Any CPU
		{964B85CE-E6F2-488F-9EC8-A35D017DCDF8}.Release|Any CPU.ActiveCfg = Release|Any CPU
		{964B85CE-E6F2-488F-9EC8-A35D017DCDF8}.Release|Any CPU.Build.0 = Release|Any CPU
	EndGlobalSection
	GlobalSection(SolutionProperties) = preSolution
		HideSolutionNode = FALSE
	EndGlobalSection
	GlobalSection(ExtensibilityGlobals) = postSolution
		SolutionGuid = {8FEB61FB-3B30-4473-859B-F1BC8E793532}
	EndGlobalSection
EndGlobal
